
Microsoft Visual Studio Solution File, Format Version 12.00
# Visual Studio Version 17
VisualStudioVersion = 17.8.34330.188
MinimumVisualStudioVersion = 10.0.40219.1
Project("{2150E333-8FDC-42A3-9474-1A3956D46DE8}") = "src", "src", "{51785349-7AC4-4CBD-A221-9CAD8707CEA2}"
EndProject
Project("{2150E333-8FDC-42A3-9474-1A3956D46DE8}") = "API", "API", "{827AF7C7-9247-4C95-8669-1D8CCFCE2020}"
EndProject
Project("{2150E333-8FDC-42A3-9474-1A3956D46DE8}") = "Core", "Core", "{2AD5D900-CB07-480D-8E15-EDFEC8FACAAD}"
EndProject
Project("{2150E333-8FDC-42A3-9474-1A3956D46DE8}") = "Application", "Application", "{7D9F0EB2-C5F9-4CFD-8065-019138A8B045}"
EndProject
Project("{2150E333-8FDC-42A3-9474-1A3956D46DE8}") = "Domain", "Domain", "{31C6B84E-4E5F-47CD-9CBD-7FCD5D0997F4}"
EndProject
Project("{9A19103F-16F7-4668-BE54-9A1E7A4F7556}") = "LearningPlatform.Domain", "LearningPlatform.Domain\LearningPlatform.Domain.csproj", "{607D6E18-4790-4C2A-B529-49760073B474}"
EndProject
Project("{2150E333-8FDC-42A3-9474-1A3956D46DE8}") = "Infrastructure", "Infrastructure", "{6A60B434-3BA5-4816-9F96-270EC8DEA09D}"
EndProject
Project("{9A19103F-16F7-4668-BE54-9A1E7A4F7556}") = "LearningPlatform.Infrastructure", "LearningPlatform.Infrastructure\LearningPlatform.Infrastructure.csproj", "{D060EA17-0784-4AC6-8E7F-F34467856168}"
EndProject
Project("{9A19103F-16F7-4668-BE54-9A1E7A4F7556}") = "LearningPlatform.Application", "LearningPlatform.Application\LearningPlatform.Application.csproj", "{A3E0373A-DF51-4B7D-98B9-253D2F7060F4}"
EndProject
Project("{9A19103F-16F7-4668-BE54-9A1E7A4F7556}") = "LearningPlatform.API", "LearningPlatform.API\LearningPlatform.API.csproj", "{9271F9B8-757A-47BA-BD58-7005221D6798}"
EndProject
Project("{9A19103F-16F7-4668-BE54-9A1E7A4F7556}") = "LearningPlatform.Identity", "LearningPlatform.Identity\LearningPlatform.Identity.csproj", "{5BE3F63B-919A-4BB9-B9E2-89D04C266FE8}"
EndProject
Project("{2150E333-8FDC-42A3-9474-1A3956D46DE8}") = "UI", "UI", "{035DEE22-7F20-48E5-94E1-1F0754B4589F}"
EndProject
Project("{9A19103F-16F7-4668-BE54-9A1E7A4F7556}") = "LearningPlatform.App", "LearningPlatform.App\LearningPlatform.App.csproj", "{7B9C43A1-DAFF-4D12-80DC-3BAB6C958382}"
EndProject
Global
	GlobalSection(SolutionConfigurationPlatforms) = preSolution
		Debug|Any CPU = Debug|Any CPU
		Release|Any CPU = Release|Any CPU
	EndGlobalSection
	GlobalSection(ProjectConfigurationPlatforms) = postSolution
		{607D6E18-4790-4C2A-B529-49760073B474}.Debug|Any CPU.ActiveCfg = Debug|Any CPU
		{607D6E18-4790-4C2A-B529-49760073B474}.Debug|Any CPU.Build.0 = Debug|Any CPU
		{607D6E18-4790-4C2A-B529-49760073B474}.Release|Any CPU.ActiveCfg = Release|Any CPU
		{607D6E18-4790-4C2A-B529-49760073B474}.Release|Any CPU.Build.0 = Release|Any CPU
		{D060EA17-0784-4AC6-8E7F-F34467856168}.Debug|Any CPU.ActiveCfg = Debug|Any CPU
		{D060EA17-0784-4AC6-8E7F-F34467856168}.Debug|Any CPU.Build.0 = Debug|Any CPU
		{D060EA17-0784-4AC6-8E7F-F34467856168}.Release|Any CPU.ActiveCfg = Release|Any CPU
		{D060EA17-0784-4AC6-8E7F-F34467856168}.Release|Any CPU.Build.0 = Release|Any CPU
		{A3E0373A-DF51-4B7D-98B9-253D2F7060F4}.Debug|Any CPU.ActiveCfg = Debug|Any CPU
		{A3E0373A-DF51-4B7D-98B9-253D2F7060F4}.Debug|Any CPU.Build.0 = Debug|Any CPU
		{A3E0373A-DF51-4B7D-98B9-253D2F7060F4}.Release|Any CPU.ActiveCfg = Release|Any CPU
		{A3E0373A-DF51-4B7D-98B9-253D2F7060F4}.Release|Any CPU.Build.0 = Release|Any CPU
		{9271F9B8-757A-47BA-BD58-7005221D6798}.Debug|Any CPU.ActiveCfg = Debug|Any CPU
		{9271F9B8-757A-47BA-BD58-7005221D6798}.Debug|Any CPU.Build.0 = Debug|Any CPU
		{9271F9B8-757A-47BA-BD58-7005221D6798}.Release|Any CPU.ActiveCfg = Release|Any CPU
		{9271F9B8-757A-47BA-BD58-7005221D6798}.Release|Any CPU.Build.0 = Release|Any CPU
		{5BE3F63B-919A-4BB9-B9E2-89D04C266FE8}.Debug|Any CPU.ActiveCfg = Debug|Any CPU
		{5BE3F63B-919A-4BB9-B9E2-89D04C266FE8}.Debug|Any CPU.Build.0 = Debug|Any CPU
		{5BE3F63B-919A-4BB9-B9E2-89D04C266FE8}.Release|Any CPU.ActiveCfg = Release|Any CPU
		{5BE3F63B-919A-4BB9-B9E2-89D04C266FE8}.Release|Any CPU.Build.0 = Release|Any CPU
		{7B9C43A1-DAFF-4D12-80DC-3BAB6C958382}.Debug|Any CPU.ActiveCfg = Debug|Any CPU
		{7B9C43A1-DAFF-4D12-80DC-3BAB6C958382}.Debug|Any CPU.Build.0 = Debug|Any CPU
		{7B9C43A1-DAFF-4D12-80DC-3BAB6C958382}.Release|Any CPU.ActiveCfg = Release|Any CPU
		{7B9C43A1-DAFF-4D12-80DC-3BAB6C958382}.Release|Any CPU.Build.0 = Release|Any CPU
	EndGlobalSection
	GlobalSection(SolutionProperties) = preSolution
		HideSolutionNode = FALSE
	EndGlobalSection
	GlobalSection(NestedProjects) = preSolution
		{827AF7C7-9247-4C95-8669-1D8CCFCE2020} = {51785349-7AC4-4CBD-A221-9CAD8707CEA2}
		{2AD5D900-CB07-480D-8E15-EDFEC8FACAAD} = {51785349-7AC4-4CBD-A221-9CAD8707CEA2}
		{7D9F0EB2-C5F9-4CFD-8065-019138A8B045} = {2AD5D900-CB07-480D-8E15-EDFEC8FACAAD}
		{31C6B84E-4E5F-47CD-9CBD-7FCD5D0997F4} = {2AD5D900-CB07-480D-8E15-EDFEC8FACAAD}
		{607D6E18-4790-4C2A-B529-49760073B474} = {31C6B84E-4E5F-47CD-9CBD-7FCD5D0997F4}
		{6A60B434-3BA5-4816-9F96-270EC8DEA09D} = {51785349-7AC4-4CBD-A221-9CAD8707CEA2}
		{D060EA17-0784-4AC6-8E7F-F34467856168} = {6A60B434-3BA5-4816-9F96-270EC8DEA09D}
		{A3E0373A-DF51-4B7D-98B9-253D2F7060F4} = {7D9F0EB2-C5F9-4CFD-8065-019138A8B045}
		{9271F9B8-757A-47BA-BD58-7005221D6798} = {827AF7C7-9247-4C95-8669-1D8CCFCE2020}
		{5BE3F63B-919A-4BB9-B9E2-89D04C266FE8} = {6A60B434-3BA5-4816-9F96-270EC8DEA09D}
		{035DEE22-7F20-48E5-94E1-1F0754B4589F} = {51785349-7AC4-4CBD-A221-9CAD8707CEA2}
		{7B9C43A1-DAFF-4D12-80DC-3BAB6C958382} = {035DEE22-7F20-48E5-94E1-1F0754B4589F}
	EndGlobalSection
	GlobalSection(ExtensibilityGlobals) = postSolution
		SolutionGuid = {6561AB99-BBE9-4053-931E-5CC58A64E7F8}
	EndGlobalSection
EndGlobal
